
Microsoft Visual Studio Solution File, Format Version 12.00
# Visual Studio 15
VisualStudioVersion = 15.0.28010.2050
MinimumVisualStudioVersion = 10.0.40219.1
Project("{FAE04EC0-301F-11D3-BF4B-00C04F79EFBC}") = "Deliverable Two", "Deliverable Two\Deliverable Two.csproj", "{60FA2311-87B8-4005-A37B-3BFE26C5F502}"
EndProject
Global
	GlobalSection(SolutionConfigurationPlatforms) = preSolution
		Debug|Any CPU = Debug|Any CPU
		Release|Any CPU = Release|Any CPU
	EndGlobalSection
	GlobalSection(ProjectConfigurationPlatforms) = postSolution
		{60FA2311-87B8-4005-A37B-3BFE26C5F502}.Debug|Any CPU.ActiveCfg = Debug|Any CPU
		{60FA2311-87B8-4005-A37B-3BFE26C5F502}.Debug|Any CPU.Build.0 = Debug|Any CPU
		{60FA2311-87B8-4005-A37B-3BFE26C5F502}.Release|Any CPU.ActiveCfg = Release|Any CPU
		{60FA2311-87B8-4005-A37B-3BFE26C5F502}.Release|Any CPU.Build.0 = Release|Any CPU
	EndGlobalSection
	GlobalSection(SolutionProperties) = preSolution
		HideSolutionNode = FALSE
	EndGlobalSection
	GlobalSection(ExtensibilityGlobals) = postSolution
		SolutionGuid = {F6053F47-4A06-4741-BAE2-340FAB0CF8C2}
	EndGlobalSection
EndGlobal
